
Microsoft Visual Studio Solution File, Format Version 11.00
# Visual Studio 2010
Project("{FAE04EC0-301F-11D3-BF4B-00C04F79EFBC}") = "Utility", "Utility\Utility.csproj", "{FCD7895B-005D-4E82-A9F8-BED57D1327E8}"
EndProject
Project("{FAE04EC0-301F-11D3-BF4B-00C04F79EFBC}") = "BLL", "BLL\BLL.csproj", "{A35918FA-61F5-4138-B5D2-07F05BAAFDE8}"
	ProjectSection(ProjectDependencies) = postProject
		{27896816-E7F9-4C72-8586-D64EF2C32BBC} = {27896816-E7F9-4C72-8586-D64EF2C32BBC}
		{FCD7895B-005D-4E82-A9F8-BED57D1327E8} = {FCD7895B-005D-4E82-A9F8-BED57D1327E8}
		{FA0B1F73-84B2-4005-882D-CAE1FBFB7E8A} = {FA0B1F73-84B2-4005-882D-CAE1FBFB7E8A}
		{A80B51B8-DDF6-4026-98A4-B59653E50B38} = {A80B51B8-DDF6-4026-98A4-B59653E50B38}
	EndProjectSection
EndProject
Project("{FAE04EC0-301F-11D3-BF4B-00C04F79EFBC}") = "DAL", "DAL\DAL.csproj", "{27896816-E7F9-4C72-8586-D64EF2C32BBC}"
	ProjectSection(ProjectDependencies) = postProject
		{FCD7895B-005D-4E82-A9F8-BED57D1327E8} = {FCD7895B-005D-4E82-A9F8-BED57D1327E8}
		{FA0B1F73-84B2-4005-882D-CAE1FBFB7E8A} = {FA0B1F73-84B2-4005-882D-CAE1FBFB7E8A}
	EndProjectSection
EndProject
Project("{FAE04EC0-301F-11D3-BF4B-00C04F79EFBC}") = "Model", "Model\Model.csproj", "{FA0B1F73-84B2-4005-882D-CAE1FBFB7E8A}"
EndProject
Project("{FAE04EC0-301F-11D3-BF4B-00C04F79EFBC}") = "JWT", "JWT\JWT.csproj", "{A80B51B8-DDF6-4026-98A4-B59653E50B38}"
EndProject
Project("{FAE04EC0-301F-11D3-BF4B-00C04F79EFBC}") = "API", "API\API.csproj", "{1263F998-D936-42EB-B183-541FD50EFA64}"
	ProjectSection(ProjectDependencies) = postProject
		{FCD7895B-005D-4E82-A9F8-BED57D1327E8} = {FCD7895B-005D-4E82-A9F8-BED57D1327E8}
		{FA0B1F73-84B2-4005-882D-CAE1FBFB7E8A} = {FA0B1F73-84B2-4005-882D-CAE1FBFB7E8A}
		{A80B51B8-DDF6-4026-98A4-B59653E50B38} = {A80B51B8-DDF6-4026-98A4-B59653E50B38}
		{A35918FA-61F5-4138-B5D2-07F05BAAFDE8} = {A35918FA-61F5-4138-B5D2-07F05BAAFDE8}
	EndProjectSection
EndProject
Project("{FAE04EC0-301F-11D3-BF4B-00C04F79EFBC}") = "Printer", "Printer\Printer.csproj", "{DCABB555-9D81-49DA-92DA-4B640EACA52C}"
	ProjectSection(ProjectDependencies) = postProject
		{FCD7895B-005D-4E82-A9F8-BED57D1327E8} = {FCD7895B-005D-4E82-A9F8-BED57D1327E8}
		{FA0B1F73-84B2-4005-882D-CAE1FBFB7E8A} = {FA0B1F73-84B2-4005-882D-CAE1FBFB7E8A}
		{A35918FA-61F5-4138-B5D2-07F05BAAFDE8} = {A35918FA-61F5-4138-B5D2-07F05BAAFDE8}
	EndProjectSection
EndProject
Project("{54435603-DBB4-11D2-8724-00A0C9A8B90C}") = "PrinterSetup", "Setup\Setup.vdproj", "{4060CB2A-A95B-479E-A7F5-03B690FB461B}"
EndProject
Global
	GlobalSection(SolutionConfigurationPlatforms) = preSolution
		Debug|.NET = Debug|.NET
		Debug|Any CPU = Debug|Any CPU
		Debug|Mixed Platforms = Debug|Mixed Platforms
		Debug|x86 = Debug|x86
		Release|.NET = Release|.NET
		Release|Any CPU = Release|Any CPU
		Release|Mixed Platforms = Release|Mixed Platforms
		Release|x86 = Release|x86
	EndGlobalSection
	GlobalSection(ProjectConfigurationPlatforms) = postSolution
		{FCD7895B-005D-4E82-A9F8-BED57D1327E8}.Debug|.NET.ActiveCfg = Debug|Any CPU
		{FCD7895B-005D-4E82-A9F8-BED57D1327E8}.Debug|Any CPU.ActiveCfg = Debug|Any CPU
		{FCD7895B-005D-4E82-A9F8-BED57D1327E8}.Debug|Any CPU.Build.0 = Debug|Any CPU
		{FCD7895B-005D-4E82-A9F8-BED57D1327E8}.Debug|Mixed Platforms.ActiveCfg = Debug|Any CPU
		{FCD7895B-005D-4E82-A9F8-BED57D1327E8}.Debug|Mixed Platforms.Build.0 = Debug|Any CPU
		{FCD7895B-005D-4E82-A9F8-BED57D1327E8}.Debug|x86.ActiveCfg = Debug|Any CPU
		{FCD7895B-005D-4E82-A9F8-BED57D1327E8}.Release|.NET.ActiveCfg = Release|Any CPU
		{FCD7895B-005D-4E82-A9F8-BED57D1327E8}.Release|Any CPU.ActiveCfg = Release|Any CPU
		{FCD7895B-005D-4E82-A9F8-BED57D1327E8}.Release|Any CPU.Build.0 = Release|Any CPU
		{FCD7895B-005D-4E82-A9F8-BED57D1327E8}.Release|Mixed Platforms.ActiveCfg = Release|Any CPU
		{FCD7895B-005D-4E82-A9F8-BED57D1327E8}.Release|Mixed Platforms.Build.0 = Release|Any CPU
		{FCD7895B-005D-4E82-A9F8-BED57D1327E8}.Release|x86.ActiveCfg = Release|Any CPU
		{A35918FA-61F5-4138-B5D2-07F05BAAFDE8}.Debug|.NET.ActiveCfg = Debug|Any CPU
		{A35918FA-61F5-4138-B5D2-07F05BAAFDE8}.Debug|Any CPU.ActiveCfg = Debug|Any CPU
		{A35918FA-61F5-4138-B5D2-07F05BAAFDE8}.Debug|Any CPU.Build.0 = Debug|Any CPU
		{A35918FA-61F5-4138-B5D2-07F05BAAFDE8}.Debug|Mixed Platforms.ActiveCfg = Debug|Any CPU
		{A35918FA-61F5-4138-B5D2-07F05BAAFDE8}.Debug|Mixed Platforms.Build.0 = Debug|Any CPU
		{A35918FA-61F5-4138-B5D2-07F05BAAFDE8}.Debug|x86.ActiveCfg = Debug|Any CPU
		{A35918FA-61F5-4138-B5D2-07F05BAAFDE8}.Release|.NET.ActiveCfg = Release|Any CPU
		{A35918FA-61F5-4138-B5D2-07F05BAAFDE8}.Release|Any CPU.ActiveCfg = Release|Any CPU
		{A35918FA-61F5-4138-B5D2-07F05BAAFDE8}.Release|Any CPU.Build.0 = Release|Any CPU
		{A35918FA-61F5-4138-B5D2-07F05BAAFDE8}.Release|Mixed Platforms.ActiveCfg = Release|Any CPU
		{A35918FA-61F5-4138-B5D2-07F05BAAFDE8}.Release|Mixed Platforms.Build.0 = Release|Any CPU
		{A35918FA-61F5-4138-B5D2-07F05BAAFDE8}.Release|x86.ActiveCfg = Release|Any CPU
		{27896816-E7F9-4C72-8586-D64EF2C32BBC}.Debug|.NET.ActiveCfg = Debug|Any CPU
		{27896816-E7F9-4C72-8586-D64EF2C32BBC}.Debug|Any CPU.ActiveCfg = Debug|Any CPU
		{27896816-E7F9-4C72-8586-D64EF2C32BBC}.Debug|Any CPU.Build.0 = Debug|Any CPU
		{27896816-E7F9-4C72-8586-D64EF2C32BBC}.Debug|Mixed Platforms.ActiveCfg = Debug|Any CPU
		{27896816-E7F9-4C72-8586-D64EF2C32BBC}.Debug|Mixed Platforms.Build.0 = Debug|Any CPU
		{27896816-E7F9-4C72-8586-D64EF2C32BBC}.Debug|x86.ActiveCfg = Debug|Any CPU
		{27896816-E7F9-4C72-8586-D64EF2C32BBC}.Release|.NET.ActiveCfg = Release|Any CPU
		{27896816-E7F9-4C72-8586-D64EF2C32BBC}.Release|Any CPU.ActiveCfg = Release|Any CPU
		{27896816-E7F9-4C72-8586-D64EF2C32BBC}.Release|Any CPU.Build.0 = Release|Any CPU
		{27896816-E7F9-4C72-8586-D64EF2C32BBC}.Release|Mixed Platforms.ActiveCfg = Release|Any CPU
		{27896816-E7F9-4C72-8586-D64EF2C32BBC}.Release|Mixed Platforms.Build.0 = Release|Any CPU
		{27896816-E7F9-4C72-8586-D64EF2C32BBC}.Release|x86.ActiveCfg = Release|Any CPU
		{FA0B1F73-84B2-4005-882D-CAE1FBFB7E8A}.Debug|.NET.ActiveCfg = Debug|Any CPU
		{FA0B1F73-84B2-4005-882D-CAE1FBFB7E8A}.Debug|Any CPU.ActiveCfg = Debug|Any CPU
		{FA0B1F73-84B2-4005-882D-CAE1FBFB7E8A}.Debug|Any CPU.Build.0 = Debug|Any CPU
		{FA0B1F73-84B2-4005-882D-CAE1FBFB7E8A}.Debug|Mixed Platforms.ActiveCfg = Debug|Any CPU
		{FA0B1F73-84B2-4005-882D-CAE1FBFB7E8A}.Debug|Mixed Platforms.Build.0 = Debug|Any CPU
		{FA0B1F73-84B2-4005-882D-CAE1FBFB7E8A}.Debug|x86.ActiveCfg = Debug|Any CPU
		{FA0B1F73-84B2-4005-882D-CAE1FBFB7E8A}.Release|.NET.ActiveCfg = Release|Any CPU
		{FA0B1F73-84B2-4005-882D-CAE1FBFB7E8A}.Release|Any CPU.ActiveCfg = Release|Any CPU
		{FA0B1F73-84B2-4005-882D-CAE1FBFB7E8A}.Release|Any CPU.Build.0 = Release|Any CPU
		{FA0B1F73-84B2-4005-882D-CAE1FBFB7E8A}.Release|Mixed Platforms.ActiveCfg = Release|Any CPU
		{FA0B1F73-84B2-4005-882D-CAE1FBFB7E8A}.Release|Mixed Platforms.Build.0 = Release|Any CPU
		{FA0B1F73-84B2-4005-882D-CAE1FBFB7E8A}.Release|x86.ActiveCfg = Release|Any CPU
		{A80B51B8-DDF6-4026-98A4-B59653E50B38}.Debug|.NET.ActiveCfg = Debug|Any CPU
		{A80B51B8-DDF6-4026-98A4-B59653E50B38}.Debug|Any CPU.ActiveCfg = Debug|Any CPU
		{A80B51B8-DDF6-4026-98A4-B59653E50B38}.Debug|Any CPU.Build.0 = Debug|Any CPU
		{A80B51B8-DDF6-4026-98A4-B59653E50B38}.Debug|Mixed Platforms.ActiveCfg = Debug|Any CPU
		{A80B51B8-DDF6-4026-98A4-B59653E50B38}.Debug|Mixed Platforms.Build.0 = Debug|Any CPU
		{A80B51B8-DDF6-4026-98A4-B59653E50B38}.Debug|x86.ActiveCfg = Debug|Any CPU
		{A80B51B8-DDF6-4026-98A4-B59653E50B38}.Release|.NET.ActiveCfg = Release|Any CPU
		{A80B51B8-DDF6-4026-98A4-B59653E50B38}.Release|Any CPU.ActiveCfg = Release|Any CPU
		{A80B51B8-DDF6-4026-98A4-B59653E50B38}.Release|Any CPU.Build.0 = Release|Any CPU
		{A80B51B8-DDF6-4026-98A4-B59653E50B38}.Release|Mixed Platforms.ActiveCfg = Release|Any CPU
		{A80B51B8-DDF6-4026-98A4-B59653E50B38}.Release|Mixed Platforms.Build.0 = Release|Any CPU
		{A80B51B8-DDF6-4026-98A4-B59653E50B38}.Release|x86.ActiveCfg = Release|Any CPU
		{1263F998-D936-42EB-B183-541FD50EFA64}.Debug|.NET.ActiveCfg = Debug|Any CPU
		{1263F998-D936-42EB-B183-541FD50EFA64}.Debug|Any CPU.ActiveCfg = Debug|Any CPU
		{1263F998-D936-42EB-B183-541FD50EFA64}.Debug|Any CPU.Build.0 = Debug|Any CPU
		{1263F998-D936-42EB-B183-541FD50EFA64}.Debug|Mixed Platforms.ActiveCfg = Debug|Any CPU
		{1263F998-D936-42EB-B183-541FD50EFA64}.Debug|Mixed Platforms.Build.0 = Debug|Any CPU
		{1263F998-D936-42EB-B183-541FD50EFA64}.Debug|x86.ActiveCfg = Debug|Any CPU
		{1263F998-D936-42EB-B183-541FD50EFA64}.Release|.NET.ActiveCfg = Release|Any CPU
		{1263F998-D936-42EB-B183-541FD50EFA64}.Release|Any CPU.ActiveCfg = Release|Any CPU
		{1263F998-D936-42EB-B183-541FD50EFA64}.Release|Any CPU.Build.0 = Release|Any CPU
		{1263F998-D936-42EB-B183-541FD50EFA64}.Release|Mixed Platforms.ActiveCfg = Release|Any CPU
		{1263F998-D936-42EB-B183-541FD50EFA64}.Release|Mixed Platforms.Build.0 = Release|Any CPU
		{1263F998-D936-42EB-B183-541FD50EFA64}.Release|x86.ActiveCfg = Release|Any CPU
		{DCABB555-9D81-49DA-92DA-4B640EACA52C}.Debug|.NET.ActiveCfg = Debug|x86
		{DCABB555-9D81-49DA-92DA-4B640EACA52C}.Debug|Any CPU.ActiveCfg = Debug|x86
		{DCABB555-9D81-49DA-92DA-4B640EACA52C}.Debug|Mixed Platforms.ActiveCfg = Debug|x86
		{DCABB555-9D81-49DA-92DA-4B640EACA52C}.Debug|Mixed Platforms.Build.0 = Debug|x86
		{DCABB555-9D81-49DA-92DA-4B640EACA52C}.Debug|x86.ActiveCfg = Debug|x86
		{DCABB555-9D81-49DA-92DA-4B640EACA52C}.Debug|x86.Build.0 = Debug|x86
		{DCABB555-9D81-49DA-92DA-4B640EACA52C}.Release|.NET.ActiveCfg = Release|x86
		{DCABB555-9D81-49DA-92DA-4B640EACA52C}.Release|Any CPU.ActiveCfg = Release|x86
		{DCABB555-9D81-49DA-92DA-4B640EACA52C}.Release|Mixed Platforms.ActiveCfg = Release|x86
		{DCABB555-9D81-49DA-92DA-4B640EACA52C}.Release|Mixed Platforms.Build.0 = Release|x86
		{DCABB555-9D81-49DA-92DA-4B640EACA52C}.Release|x86.ActiveCfg = Release|x86
		{DCABB555-9D81-49DA-92DA-4B640EACA52C}.Release|x86.Build.0 = Release|x86
		{4060CB2A-A95B-479E-A7F5-03B690FB461B}.Debug|.NET.ActiveCfg = Debug
		{4060CB2A-A95B-479E-A7F5-03B690FB461B}.Debug|.NET.Build.0 = Debug
		{4060CB2A-A95B-479E-A7F5-03B690FB461B}.Debug|Any CPU.ActiveCfg = Debug
		{4060CB2A-A95B-479E-A7F5-03B690FB461B}.Debug|Any CPU.Build.0 = Debug
		{4060CB2A-A95B-479E-A7F5-03B690FB461B}.Debug|Mixed Platforms.ActiveCfg = Debug
		{4060CB2A-A95B-479E-A7F5-03B690FB461B}.Debug|Mixed Platforms.Build.0 = Debug
		{4060CB2A-A95B-479E-A7F5-03B690FB461B}.Debug|x86.ActiveCfg = Debug
		{4060CB2A-A95B-479E-A7F5-03B690FB461B}.Debug|x86.Build.0 = Debug
		{4060CB2A-A95B-479E-A7F5-03B690FB461B}.Release|.NET.ActiveCfg = Release
		{4060CB2A-A95B-479E-A7F5-03B690FB461B}.Release|.NET.Build.0 = Release
		{4060CB2A-A95B-479E-A7F5-03B690FB461B}.Release|Any CPU.ActiveCfg = Release
		{4060CB2A-A95B-479E-A7F5-03B690FB461B}.Release|Any CPU.Build.0 = Release
		{4060CB2A-A95B-479E-A7F5-03B690FB461B}.Release|Mixed Platforms.ActiveCfg = Release
		{4060CB2A-A95B-479E-A7F5-03B690FB461B}.Release|Mixed Platforms.Build.0 = Release
		{4060CB2A-A95B-479E-A7F5-03B690FB461B}.Release|x86.ActiveCfg = Release
		{4060CB2A-A95B-479E-A7F5-03B690FB461B}.Release|x86.Build.0 = Release
	EndGlobalSection
	GlobalSection(SolutionProperties) = preSolution
		HideSolutionNode = FALSE
	EndGlobalSection
EndGlobal
